{
  "name": "types",
  "version": "1.0.0",
  "lockfileVersion": 3,
  "requires": true,
  "packages": {
    "": {
      "name": "types",
      "version": "1.0.0",
      "license": "ISC",
      "dependencies": {
        "jose": "^4.15.4"
      }
    },
    "node_modules/jose": {
      "version": "4.15.4",
      "resolved": "https://registry.npmjs.org/jose/-/jose-4.15.4.tgz",
      "integrity": "sha512-W+oqK4H+r5sITxfxpSU+MMdr/YSWGvgZMQDIsNoBDGGy4i7GBPTtvFKibQzW06n3U3TqHjhvBJsirShsEJ6eeQ==",
      "funding": {
        "url": "https://github.com/sponsors/panva"
      }
    }
  }
}
